
Microsoft Visual Studio Solution File, Format Version 12.00
# Visual Studio Version 17
VisualStudioVersion = 17.5.002.0
MinimumVisualStudioVersion = 10.0.40219.1
Project("{2150E333-8FDC-42A3-9474-1A3956D46DE8}") = "src", "src", "{F8395009-FF7D-4BF5-8BE8-F2E53E2DA534}"
EndProject
Project("{2150E333-8FDC-42A3-9474-1A3956D46DE8}") = "Services", "Services", "{ADBDA454-F659-4441-95D3-16E4A9B159B9}"
EndProject
Project("{2150E333-8FDC-42A3-9474-1A3956D46DE8}") = "Nfs.Catalog", "Nfs.Catalog", "{28E6ACEE-AF5B-4A9B-8BB3-C8AE2BD5A1E8}"
EndProject
Project("{2150E333-8FDC-42A3-9474-1A3956D46DE8}") = "src", "src", "{BE9A6EBC-6277-49C3-B91E-76B8D1C0DD7D}"
EndProject
Project("{9A19103F-16F7-4668-BE54-9A1E7A4F7556}") = "Nfs.Catalog.Contracts", "src\Services\Nfs.Catalog\src\Nfs.Catalog.Contracts\Nfs.Catalog.Contracts.csproj", "{AF4B044E-A5B0-4818-AFD7-602EFE16F0D8}"
EndProject
Project("{9A19103F-16F7-4668-BE54-9A1E7A4F7556}") = "Nfs.Catalog.Service", "src\Services\Nfs.Catalog\src\Nfs.Catalog.Service\Nfs.Catalog.Service.csproj", "{46323023-4259-4A8D-9737-F2BCAE9BBD96}"
EndProject
Project("{2150E333-8FDC-42A3-9474-1A3956D46DE8}") = "Nfs.Common", "Nfs.Common", "{9D82ED6B-5E5E-43C1-9E7C-DAA85113FE16}"
EndProject
Project("{2150E333-8FDC-42A3-9474-1A3956D46DE8}") = "src", "src", "{E8AA0A81-17EC-4D94-A229-11E13E682710}"
EndProject
Project("{9A19103F-16F7-4668-BE54-9A1E7A4F7556}") = "Nfs.Common", "src\Services\Nfs.Common\src\Nfs.Common\Nfs.Common.csproj", "{8182DD78-255E-47D1-BE89-FCCE07B0B683}"
EndProject
Global
	GlobalSection(SolutionConfigurationPlatforms) = preSolution
		Debug|Any CPU = Debug|Any CPU
		Release|Any CPU = Release|Any CPU
	EndGlobalSection
	GlobalSection(ProjectConfigurationPlatforms) = postSolution
		{AF4B044E-A5B0-4818-AFD7-602EFE16F0D8}.Debug|Any CPU.ActiveCfg = Debug|Any CPU
		{AF4B044E-A5B0-4818-AFD7-602EFE16F0D8}.Debug|Any CPU.Build.0 = Debug|Any CPU
		{AF4B044E-A5B0-4818-AFD7-602EFE16F0D8}.Release|Any CPU.ActiveCfg = Release|Any CPU
		{AF4B044E-A5B0-4818-AFD7-602EFE16F0D8}.Release|Any CPU.Build.0 = Release|Any CPU
		{46323023-4259-4A8D-9737-F2BCAE9BBD96}.Debug|Any CPU.ActiveCfg = Debug|Any CPU
		{46323023-4259-4A8D-9737-F2BCAE9BBD96}.Debug|Any CPU.Build.0 = Debug|Any CPU
		{46323023-4259-4A8D-9737-F2BCAE9BBD96}.Release|Any CPU.ActiveCfg = Release|Any CPU
		{46323023-4259-4A8D-9737-F2BCAE9BBD96}.Release|Any CPU.Build.0 = Release|Any CPU
		{8182DD78-255E-47D1-BE89-FCCE07B0B683}.Debug|Any CPU.ActiveCfg = Debug|Any CPU
		{8182DD78-255E-47D1-BE89-FCCE07B0B683}.Debug|Any CPU.Build.0 = Debug|Any CPU
		{8182DD78-255E-47D1-BE89-FCCE07B0B683}.Release|Any CPU.ActiveCfg = Release|Any CPU
		{8182DD78-255E-47D1-BE89-FCCE07B0B683}.Release|Any CPU.Build.0 = Release|Any CPU
	EndGlobalSection
	GlobalSection(SolutionProperties) = preSolution
		HideSolutionNode = FALSE
	EndGlobalSection
	GlobalSection(NestedProjects) = preSolution
		{ADBDA454-F659-4441-95D3-16E4A9B159B9} = {F8395009-FF7D-4BF5-8BE8-F2E53E2DA534}
		{28E6ACEE-AF5B-4A9B-8BB3-C8AE2BD5A1E8} = {ADBDA454-F659-4441-95D3-16E4A9B159B9}
		{BE9A6EBC-6277-49C3-B91E-76B8D1C0DD7D} = {28E6ACEE-AF5B-4A9B-8BB3-C8AE2BD5A1E8}
		{AF4B044E-A5B0-4818-AFD7-602EFE16F0D8} = {BE9A6EBC-6277-49C3-B91E-76B8D1C0DD7D}
		{46323023-4259-4A8D-9737-F2BCAE9BBD96} = {BE9A6EBC-6277-49C3-B91E-76B8D1C0DD7D}
		{9D82ED6B-5E5E-43C1-9E7C-DAA85113FE16} = {ADBDA454-F659-4441-95D3-16E4A9B159B9}
		{E8AA0A81-17EC-4D94-A229-11E13E682710} = {9D82ED6B-5E5E-43C1-9E7C-DAA85113FE16}
		{8182DD78-255E-47D1-BE89-FCCE07B0B683} = {E8AA0A81-17EC-4D94-A229-11E13E682710}
	EndGlobalSection
	GlobalSection(ExtensibilityGlobals) = postSolution
		SolutionGuid = {D146C807-3C69-424D-BE15-C38D09D7CBAA}
	EndGlobalSection
EndGlobal
