
Microsoft Visual Studio Solution File, Format Version 12.00
# Visual Studio Version 17
VisualStudioVersion = 17.0.31903.59
MinimumVisualStudioVersion = 10.0.40219.1
Project("{FAE04EC0-301F-11D3-BF4B-00C04F79EFBC}") = "Nfs.Catalog.Contracts", "Nfs.Catalog.Contracts\Nfs.Catalog.Contracts.csproj", "{D05F28AF-1C6F-409A-A90D-BAA7EF9820AD}"
EndProject
Project("{FAE04EC0-301F-11D3-BF4B-00C04F79EFBC}") = "Nfs.Catalog.Service", "Nfs.Catalog.Service\Nfs.Catalog.Service.csproj", "{B4C5625D-2776-4A04-BF26-737AD849C609}"
EndProject
Project("{2150E333-8FDC-42A3-9474-1A3956D46DE8}") = "Tests", "Tests", "{D098F679-1B99-4E4F-A1FA-E20670D39513}"
EndProject
Project("{FAE04EC0-301F-11D3-BF4B-00C04F79EFBC}") = "Catalog.FunctionalTests", "Tests\Catalog.FunctionalTests\Catalog.FunctionalTests.csproj", "{42E10E11-870A-4EDE-B7EA-D2675C047072}"
EndProject
Project("{FAE04EC0-301F-11D3-BF4B-00C04F79EFBC}") = "Catalog.UnitTests", "Tests\Catalog.UnitTests\Catalog.UnitTests.csproj", "{20494F6D-6081-432D-932B-77824734D838}"
EndProject
Global
	GlobalSection(SolutionConfigurationPlatforms) = preSolution
		Debug|Any CPU = Debug|Any CPU
		Release|Any CPU = Release|Any CPU
	EndGlobalSection
	GlobalSection(SolutionProperties) = preSolution
		HideSolutionNode = FALSE
	EndGlobalSection
	GlobalSection(ProjectConfigurationPlatforms) = postSolution
		{D05F28AF-1C6F-409A-A90D-BAA7EF9820AD}.Debug|Any CPU.ActiveCfg = Debug|Any CPU
		{D05F28AF-1C6F-409A-A90D-BAA7EF9820AD}.Debug|Any CPU.Build.0 = Debug|Any CPU
		{D05F28AF-1C6F-409A-A90D-BAA7EF9820AD}.Release|Any CPU.ActiveCfg = Release|Any CPU
		{D05F28AF-1C6F-409A-A90D-BAA7EF9820AD}.Release|Any CPU.Build.0 = Release|Any CPU
		{B4C5625D-2776-4A04-BF26-737AD849C609}.Debug|Any CPU.ActiveCfg = Debug|Any CPU
		{B4C5625D-2776-4A04-BF26-737AD849C609}.Debug|Any CPU.Build.0 = Debug|Any CPU
		{B4C5625D-2776-4A04-BF26-737AD849C609}.Release|Any CPU.ActiveCfg = Release|Any CPU
		{B4C5625D-2776-4A04-BF26-737AD849C609}.Release|Any CPU.Build.0 = Release|Any CPU
		{42E10E11-870A-4EDE-B7EA-D2675C047072}.Debug|Any CPU.ActiveCfg = Debug|Any CPU
		{42E10E11-870A-4EDE-B7EA-D2675C047072}.Debug|Any CPU.Build.0 = Debug|Any CPU
		{42E10E11-870A-4EDE-B7EA-D2675C047072}.Release|Any CPU.ActiveCfg = Release|Any CPU
		{42E10E11-870A-4EDE-B7EA-D2675C047072}.Release|Any CPU.Build.0 = Release|Any CPU
		{20494F6D-6081-432D-932B-77824734D838}.Debug|Any CPU.ActiveCfg = Debug|Any CPU
		{20494F6D-6081-432D-932B-77824734D838}.Debug|Any CPU.Build.0 = Debug|Any CPU
		{20494F6D-6081-432D-932B-77824734D838}.Release|Any CPU.ActiveCfg = Release|Any CPU
		{20494F6D-6081-432D-932B-77824734D838}.Release|Any CPU.Build.0 = Release|Any CPU
	EndGlobalSection
	GlobalSection(NestedProjects) = preSolution
		{42E10E11-870A-4EDE-B7EA-D2675C047072} = {D098F679-1B99-4E4F-A1FA-E20670D39513}
		{20494F6D-6081-432D-932B-77824734D838} = {D098F679-1B99-4E4F-A1FA-E20670D39513}
	EndGlobalSection
EndGlobal
